
Microsoft Visual Studio Solution File, Format Version 12.00
# Visual Studio 15
Project("{FAE04EC0-301F-11D3-BF4B-00C04F79EFBC}") = "UnityEngine.UI", "UnityEngine.UI.csproj", "{FD8A1D3B-DC7C-C744-EC1D-F2CFF55B74D6}"
EndProject
Project("{FAE04EC0-301F-11D3-BF4B-00C04F79EFBC}") = "UnityEngine.TestRunner", "UnityEngine.TestRunner.csproj", "{1FBD0A29-673D-B0CF-D3EB-44886597F0D7}"
EndProject
Project("{FAE04EC0-301F-11D3-BF4B-00C04F79EFBC}") = "Unity.VisualScripting.Flow", "Unity.VisualScripting.Flow.csproj", "{B06FF02F-82D3-20CC-75A4-5CFB5DADE0EC}"
EndProject
Project("{FAE04EC0-301F-11D3-BF4B-00C04F79EFBC}") = "Unity.Mathematics", "Unity.Mathematics.csproj", "{DF22D22E-65AF-000F-069F-7C884CB52B4B}"
EndProject
Project("{FAE04EC0-301F-11D3-BF4B-00C04F79EFBC}") = "Unity.VisualScripting.State", "Unity.VisualScripting.State.csproj", "{5F3203CA-B59C-92D3-D0E2-565EF01E49EE}"
EndProject
Project("{FAE04EC0-301F-11D3-BF4B-00C04F79EFBC}") = "Unity.VisualScripting.Core", "Unity.VisualScripting.Core.csproj", "{CC515732-9253-F7CE-E6BB-72BA4044E280}"
EndProject
Project("{FAE04EC0-301F-11D3-BF4B-00C04F79EFBC}") = "Assembly-CSharp", "Assembly-CSharp.csproj", "{D3739E6D-7EAC-6781-875B-7C8D1EC96812}"
EndProject
Project("{FAE04EC0-301F-11D3-BF4B-00C04F79EFBC}") = "Unity.2D.Animation.Runtime", "Unity.2D.Animation.Runtime.csproj", "{093C9523-8E6A-366A-2CAB-078921E6833A}"
EndProject
Project("{FAE04EC0-301F-11D3-BF4B-00C04F79EFBC}") = "Unity.TextMeshPro", "Unity.TextMeshPro.csproj", "{4BF8C773-280A-9299-EC0A-57BDFF1FCCCA}"
EndProject
Project("{FAE04EC0-301F-11D3-BF4B-00C04F79EFBC}") = "Unity.Timeline", "Unity.Timeline.csproj", "{0A493002-8635-4EB8-3E59-8148F5309C5E}"
EndProject
Project("{FAE04EC0-301F-11D3-BF4B-00C04F79EFBC}") = "Unity.Burst", "Unity.Burst.csproj", "{1FCB80CB-A485-3AD3-F75C-A7B334E56E85}"
EndProject
Project("{FAE04EC0-301F-11D3-BF4B-00C04F79EFBC}") = "Unity.2D.SpriteShape.Runtime", "Unity.2D.SpriteShape.Runtime.csproj", "{9DD82D50-24A8-6BEE-9ABA-7E90AD157F32}"
EndProject
Project("{FAE04EC0-301F-11D3-BF4B-00C04F79EFBC}") = "Unity.2D.PixelPerfect", "Unity.2D.PixelPerfect.csproj", "{E8419F5A-E150-A62D-1E4E-FCD88AF3C9BA}"
EndProject
Project("{FAE04EC0-301F-11D3-BF4B-00C04F79EFBC}") = "Unity.2D.Common.Runtime", "Unity.2D.Common.Runtime.csproj", "{0771739E-1CC6-C002-7004-4AA648FF2F07}"
EndProject
Project("{FAE04EC0-301F-11D3-BF4B-00C04F79EFBC}") = "Unity.2D.IK.Runtime", "Unity.2D.IK.Runtime.csproj", "{6B0CFAF2-F643-AE80-5AFA-35378941BECB}"
EndProject
Project("{FAE04EC0-301F-11D3-BF4B-00C04F79EFBC}") = "Unity.2D.Tilemap.Extras", "Unity.2D.Tilemap.Extras.csproj", "{5EC6667C-7791-AAF0-D9F4-204ED4F527B0}"
EndProject
Project("{FAE04EC0-301F-11D3-BF4B-00C04F79EFBC}") = "Unity.InternalAPIEngineBridge.001", "Unity.InternalAPIEngineBridge.001.csproj", "{0CC61B7C-3022-AA74-71C4-B936983B956C}"
EndProject
Project("{FAE04EC0-301F-11D3-BF4B-00C04F79EFBC}") = "TTWebGL", "TTWebGL.csproj", "{C57106C1-E1F3-36A2-D0CF-2D36B9327A8B}"
EndProject
Project("{FAE04EC0-301F-11D3-BF4B-00C04F79EFBC}") = "TTLitJson", "TTLitJson.csproj", "{317EDC80-A020-9CC8-E50D-64AF2744D92F}"
EndProject
Project("{FAE04EC0-301F-11D3-BF4B-00C04F79EFBC}") = "Unity.PlasticSCM.Editor", "Unity.PlasticSCM.Editor.csproj", "{D1818041-C11E-FD0B-4D90-9D628553E65C}"
EndProject
Project("{FAE04EC0-301F-11D3-BF4B-00C04F79EFBC}") = "Unity.VisualScripting.Core.Editor", "Unity.VisualScripting.Core.Editor.csproj", "{DDC38D84-C2A2-6F44-6FFE-325A45A9995E}"
EndProject
Project("{FAE04EC0-301F-11D3-BF4B-00C04F79EFBC}") = "Unity.VisualScripting.Flow.Editor", "Unity.VisualScripting.Flow.Editor.csproj", "{F5189646-0E1A-956C-B485-5781913771F7}"
EndProject
Project("{FAE04EC0-301F-11D3-BF4B-00C04F79EFBC}") = "Unity.2D.Aseprite.Editor", "Unity.2D.Aseprite.Editor.csproj", "{20F20990-DB40-A12E-5EB4-1DD47D3C57AE}"
EndProject
Project("{FAE04EC0-301F-11D3-BF4B-00C04F79EFBC}") = "Unity.VisualStudio.Editor", "Unity.VisualStudio.Editor.csproj", "{550706FA-564A-DF02-3185-B46497F17747}"
EndProject
Project("{FAE04EC0-301F-11D3-BF4B-00C04F79EFBC}") = "Unity.Timeline.Editor", "Unity.Timeline.Editor.csproj", "{00990C69-EFC8-8232-40E8-E9F50EC3A21B}"
EndProject
Project("{FAE04EC0-301F-11D3-BF4B-00C04F79EFBC}") = "Unity.Burst.CodeGen", "Unity.Burst.CodeGen.csproj", "{53B45B35-4FC1-EDE0-2C4F-69FF43719ADE}"
EndProject
Project("{FAE04EC0-301F-11D3-BF4B-00C04F79EFBC}") = "Unity.VisualScripting.State.Editor", "Unity.VisualScripting.State.Editor.csproj", "{4156E780-4678-FD2B-D526-81C85808B656}"
EndProject
Project("{FAE04EC0-301F-11D3-BF4B-00C04F79EFBC}") = "Unity.TextMeshPro.Editor", "Unity.TextMeshPro.Editor.csproj", "{3FA2C037-4BE6-1149-6A17-171772DC8D48}"
EndProject
Project("{FAE04EC0-301F-11D3-BF4B-00C04F79EFBC}") = "Unity.Burst.Editor", "Unity.Burst.Editor.csproj", "{3E926C72-C57B-3A52-5C15-6E9A0469358D}"
EndProject
Project("{FAE04EC0-301F-11D3-BF4B-00C04F79EFBC}") = "Unity.2D.PixelPerfect.Editor", "Unity.2D.PixelPerfect.Editor.csproj", "{924A21C5-6447-08EB-9804-D5A8956C8E98}"
EndProject
Project("{FAE04EC0-301F-11D3-BF4B-00C04F79EFBC}") = "Unity.2D.Animation.Editor", "Unity.2D.Animation.Editor.csproj", "{05E1F6DB-EC73-CCFC-A4D8-E3A83F3FD645}"
EndProject
Project("{FAE04EC0-301F-11D3-BF4B-00C04F79EFBC}") = "Unity.VisualScripting.SettingsProvider.Editor", "Unity.VisualScripting.SettingsProvider.Editor.csproj", "{4E646CED-5BE3-6FD6-5DEB-9C2A54F9C4DB}"
EndProject
Project("{FAE04EC0-301F-11D3-BF4B-00C04F79EFBC}") = "Unity.2D.Psdimporter.Editor", "Unity.2D.Psdimporter.Editor.csproj", "{7DD74635-690E-A650-1603-3002B0C4B7F1}"
EndProject
Project("{FAE04EC0-301F-11D3-BF4B-00C04F79EFBC}") = "UnityEditor.TestRunner", "UnityEditor.TestRunner.csproj", "{6D6FB772-7025-313A-A171-E2E7D1A3CCDE}"
EndProject
Project("{FAE04EC0-301F-11D3-BF4B-00C04F79EFBC}") = "Unity.2D.Tilemap.Editor", "Unity.2D.Tilemap.Editor.csproj", "{BAB1D471-6C6A-7BAA-5AF4-080B79739132}"
EndProject
Project("{FAE04EC0-301F-11D3-BF4B-00C04F79EFBC}") = "Unity.Rider.Editor", "Unity.Rider.Editor.csproj", "{4FA2C7F2-352A-9B34-0B9B-51B672692CBB}"
EndProject
Project("{FAE04EC0-301F-11D3-BF4B-00C04F79EFBC}") = "Unity.2D.Path.Editor", "Unity.2D.Path.Editor.csproj", "{94A3FA57-F727-6F55-62CC-49DE589CA29D}"
EndProject
Project("{FAE04EC0-301F-11D3-BF4B-00C04F79EFBC}") = "PsdPlugin", "PsdPlugin.csproj", "{D90DF49C-F197-0BBB-9589-06E1FBE9B89B}"
EndProject
Project("{FAE04EC0-301F-11D3-BF4B-00C04F79EFBC}") = "Unity.2D.IK.Editor", "Unity.2D.IK.Editor.csproj", "{174FCEC9-3A08-FE2B-AEC8-3C762A2A6647}"
EndProject
Project("{FAE04EC0-301F-11D3-BF4B-00C04F79EFBC}") = "Unity.2D.SpriteShape.Editor", "Unity.2D.SpriteShape.Editor.csproj", "{6AA54777-54F8-212B-9C11-18115DC0F460}"
EndProject
Project("{FAE04EC0-301F-11D3-BF4B-00C04F79EFBC}") = "Unity.VSCode.Editor", "Unity.VSCode.Editor.csproj", "{8E61CD25-F378-6F7F-8865-B737F7E0C411}"
EndProject
Project("{FAE04EC0-301F-11D3-BF4B-00C04F79EFBC}") = "Unity.2D.Sprite.Editor", "Unity.2D.Sprite.Editor.csproj", "{9F842414-9AF9-C121-266C-A907D33AB7FF}"
EndProject
Project("{FAE04EC0-301F-11D3-BF4B-00C04F79EFBC}") = "UnityEditor.UI", "UnityEditor.UI.csproj", "{4A26B639-7FBA-10E4-DB0F-EEF7C97EB1FC}"
EndProject
Project("{FAE04EC0-301F-11D3-BF4B-00C04F79EFBC}") = "Unity.2D.Common.Editor", "Unity.2D.Common.Editor.csproj", "{617AB929-075E-0BD1-8606-701B1E3AC0CA}"
EndProject
Project("{FAE04EC0-301F-11D3-BF4B-00C04F79EFBC}") = "Unity.CollabProxy.Editor", "Unity.CollabProxy.Editor.csproj", "{F4BE3BD7-CCD6-1536-35C9-7995A635A867}"
EndProject
Project("{FAE04EC0-301F-11D3-BF4B-00C04F79EFBC}") = "Unity.Mathematics.Editor", "Unity.Mathematics.Editor.csproj", "{98FDFB23-E1CE-3A1D-D55E-74B0FACB7AA8}"
EndProject
Project("{FAE04EC0-301F-11D3-BF4B-00C04F79EFBC}") = "Unity.InternalAPIEditorBridge.001", "Unity.InternalAPIEditorBridge.001.csproj", "{B0833AB1-D903-81DF-28AD-7C639185BF97}"
EndProject
Project("{FAE04EC0-301F-11D3-BF4B-00C04F79EFBC}") = "Unity.2D.Tilemap.Extras.Editor", "Unity.2D.Tilemap.Extras.Editor.csproj", "{288208D8-D557-1577-E01E-C2E245F51896}"
EndProject
Project("{FAE04EC0-301F-11D3-BF4B-00C04F79EFBC}") = "Assembly-CSharp-Editor", "Assembly-CSharp-Editor.csproj", "{10CB9C9B-0C83-CDD2-5B25-CDD5A57A4FF5}"
EndProject
Project("{FAE04EC0-301F-11D3-BF4B-00C04F79EFBC}") = "Unity.VisualScripting.Shared.Editor", "Unity.VisualScripting.Shared.Editor.csproj", "{827CFD1E-5EC9-5799-F618-785CB9A9CC29}"
EndProject
Project("{FAE04EC0-301F-11D3-BF4B-00C04F79EFBC}") = "Unity.2D.Aseprite.Common", "Unity.2D.Aseprite.Common.csproj", "{543646DC-EA61-BEA5-886B-7FCA9BBF6203}"
EndProject
Project("{FAE04EC0-301F-11D3-BF4B-00C04F79EFBC}") = "com.bytedance.ttsdk-editor", "com.bytedance.ttsdk-editor.csproj", "{7B309592-CAC5-F15C-4E7A-7219CD2210AD}"
EndProject
Project("{FAE04EC0-301F-11D3-BF4B-00C04F79EFBC}") = "UnityEngine.UI", "UnityEngine.UI.Player.csproj", "{723BAE7A-916A-DD78-50C0-5E9300F63DB9}"
EndProject
Project("{FAE04EC0-301F-11D3-BF4B-00C04F79EFBC}") = "UnityEngine.TestRunner", "UnityEngine.TestRunner.Player.csproj", "{38C3F68F-D5D4-2301-D2AC-8F0F67BC3116}"
EndProject
Project("{FAE04EC0-301F-11D3-BF4B-00C04F79EFBC}") = "Unity.VisualScripting.Flow", "Unity.VisualScripting.Flow.Player.csproj", "{95A8BF58-A904-1017-7672-8AB0C88523DB}"
EndProject
Project("{FAE04EC0-301F-11D3-BF4B-00C04F79EFBC}") = "Unity.Mathematics", "Unity.Mathematics.Player.csproj", "{322294E5-4398-9B67-7836-1D69687007EA}"
EndProject
Project("{FAE04EC0-301F-11D3-BF4B-00C04F79EFBC}") = "Unity.VisualScripting.State", "Unity.VisualScripting.State.Player.csproj", "{68CD526F-D3C4-9E19-46A2-E9A729F7EF87}"
EndProject
Project("{FAE04EC0-301F-11D3-BF4B-00C04F79EFBC}") = "Unity.VisualScripting.Core", "Unity.VisualScripting.Core.Player.csproj", "{5A3CA8F1-E330-5295-AD22-2D38698B75B1}"
EndProject
Project("{FAE04EC0-301F-11D3-BF4B-00C04F79EFBC}") = "Assembly-CSharp", "Assembly-CSharp.Player.csproj", "{23496771-4C36-0E9B-F63B-C27858DA81F8}"
EndProject
Project("{FAE04EC0-301F-11D3-BF4B-00C04F79EFBC}") = "Unity.2D.Animation.Runtime", "Unity.2D.Animation.Runtime.Player.csproj", "{E9C5AE4A-9EA9-AF48-A757-7DCB591955CC}"
EndProject
Project("{FAE04EC0-301F-11D3-BF4B-00C04F79EFBC}") = "Unity.TextMeshPro", "Unity.TextMeshPro.Player.csproj", "{E62B195A-7962-795B-544B-2C0A04BED188}"
EndProject
Project("{FAE04EC0-301F-11D3-BF4B-00C04F79EFBC}") = "Unity.Timeline", "Unity.Timeline.Player.csproj", "{F5BFEE3B-9121-2ACB-3AAA-379A0A68EB8A}"
EndProject
Project("{FAE04EC0-301F-11D3-BF4B-00C04F79EFBC}") = "Unity.Burst", "Unity.Burst.Player.csproj", "{4A30C348-2754-D9CF-47F0-3EFB7466483F}"
EndProject
Project("{FAE04EC0-301F-11D3-BF4B-00C04F79EFBC}") = "Unity.2D.SpriteShape.Runtime", "Unity.2D.SpriteShape.Runtime.Player.csproj", "{01EE7398-6528-BB03-190E-044C1623A5C4}"
EndProject
Project("{FAE04EC0-301F-11D3-BF4B-00C04F79EFBC}") = "Unity.2D.PixelPerfect", "Unity.2D.PixelPerfect.Player.csproj", "{25AC384A-C3B4-3773-6EAB-16255A5DB361}"
EndProject
Project("{FAE04EC0-301F-11D3-BF4B-00C04F79EFBC}") = "Unity.2D.Common.Runtime", "Unity.2D.Common.Runtime.Player.csproj", "{17DCF3D8-5067-D751-CA6E-F62C81CAC12C}"
EndProject
Project("{FAE04EC0-301F-11D3-BF4B-00C04F79EFBC}") = "Unity.2D.IK.Runtime", "Unity.2D.IK.Runtime.Player.csproj", "{3F8760CE-9A64-E110-6FE2-DADFFAD54104}"
EndProject
Project("{FAE04EC0-301F-11D3-BF4B-00C04F79EFBC}") = "Unity.2D.Tilemap.Extras", "Unity.2D.Tilemap.Extras.Player.csproj", "{581AB953-F371-54F3-DEEB-C195BC8F643C}"
EndProject
Project("{FAE04EC0-301F-11D3-BF4B-00C04F79EFBC}") = "Unity.InternalAPIEngineBridge.001", "Unity.InternalAPIEngineBridge.001.Player.csproj", "{200A67E3-605F-D4F0-BAD2-044D3DC40010}"
EndProject
Project("{FAE04EC0-301F-11D3-BF4B-00C04F79EFBC}") = "TTWebGL", "TTWebGL.Player.csproj", "{0FBFB6CA-FB7E-ADCB-EC78-5670C98B5013}"
EndProject
Project("{FAE04EC0-301F-11D3-BF4B-00C04F79EFBC}") = "TTLitJson", "TTLitJson.Player.csproj", "{20B0E7B9-672E-C752-48FB-1EC966C38D81}"
EndProject
Global
	GlobalSection(SolutionConfigurationPlatforms) = preSolution
		Debug|Any CPU = Debug|Any CPU
		Release|Any CPU = Release|Any CPU
	EndGlobalSection
	GlobalSection(ProjectConfigurationPlatforms) = postSolution
		{FD8A1D3B-DC7C-C744-EC1D-F2CFF55B74D6}.Debug|Any CPU.ActiveCfg = Debug|Any CPU
		{FD8A1D3B-DC7C-C744-EC1D-F2CFF55B74D6}.Debug|Any CPU.Build.0 = Debug|Any CPU
		{FD8A1D3B-DC7C-C744-EC1D-F2CFF55B74D6}.Release|Any CPU.ActiveCfg = Release|Any CPU
		{FD8A1D3B-DC7C-C744-EC1D-F2CFF55B74D6}.Release|Any CPU.Build.0 = Release|Any CPU
		{1FBD0A29-673D-B0CF-D3EB-44886597F0D7}.Debug|Any CPU.ActiveCfg = Debug|Any CPU
		{1FBD0A29-673D-B0CF-D3EB-44886597F0D7}.Debug|Any CPU.Build.0 = Debug|Any CPU
		{1FBD0A29-673D-B0CF-D3EB-44886597F0D7}.Release|Any CPU.ActiveCfg = Release|Any CPU
		{1FBD0A29-673D-B0CF-D3EB-44886597F0D7}.Release|Any CPU.Build.0 = Release|Any CPU
		{B06FF02F-82D3-20CC-75A4-5CFB5DADE0EC}.Debug|Any CPU.ActiveCfg = Debug|Any CPU
		{B06FF02F-82D3-20CC-75A4-5CFB5DADE0EC}.Debug|Any CPU.Build.0 = Debug|Any CPU
		{B06FF02F-82D3-20CC-75A4-5CFB5DADE0EC}.Release|Any CPU.ActiveCfg = Release|Any CPU
		{B06FF02F-82D3-20CC-75A4-5CFB5DADE0EC}.Release|Any CPU.Build.0 = Release|Any CPU
		{DF22D22E-65AF-000F-069F-7C884CB52B4B}.Debug|Any CPU.ActiveCfg = Debug|Any CPU
		{DF22D22E-65AF-000F-069F-7C884CB52B4B}.Debug|Any CPU.Build.0 = Debug|Any CPU
		{DF22D22E-65AF-000F-069F-7C884CB52B4B}.Release|Any CPU.ActiveCfg = Release|Any CPU
		{DF22D22E-65AF-000F-069F-7C884CB52B4B}.Release|Any CPU.Build.0 = Release|Any CPU
		{5F3203CA-B59C-92D3-D0E2-565EF01E49EE}.Debug|Any CPU.ActiveCfg = Debug|Any CPU
		{5F3203CA-B59C-92D3-D0E2-565EF01E49EE}.Debug|Any CPU.Build.0 = Debug|Any CPU
		{5F3203CA-B59C-92D3-D0E2-565EF01E49EE}.Release|Any CPU.ActiveCfg = Release|Any CPU
		{5F3203CA-B59C-92D3-D0E2-565EF01E49EE}.Release|Any CPU.Build.0 = Release|Any CPU
		{CC515732-9253-F7CE-E6BB-72BA4044E280}.Debug|Any CPU.ActiveCfg = Debug|Any CPU
		{CC515732-9253-F7CE-E6BB-72BA4044E280}.Debug|Any CPU.Build.0 = Debug|Any CPU
		{CC515732-9253-F7CE-E6BB-72BA4044E280}.Release|Any CPU.ActiveCfg = Release|Any CPU
		{CC515732-9253-F7CE-E6BB-72BA4044E280}.Release|Any CPU.Build.0 = Release|Any CPU
		{D3739E6D-7EAC-6781-875B-7C8D1EC96812}.Debug|Any CPU.ActiveCfg = Debug|Any CPU
		{D3739E6D-7EAC-6781-875B-7C8D1EC96812}.Debug|Any CPU.Build.0 = Debug|Any CPU
		{D3739E6D-7EAC-6781-875B-7C8D1EC96812}.Release|Any CPU.ActiveCfg = Release|Any CPU
		{D3739E6D-7EAC-6781-875B-7C8D1EC96812}.Release|Any CPU.Build.0 = Release|Any CPU
		{093C9523-8E6A-366A-2CAB-078921E6833A}.Debug|Any CPU.ActiveCfg = Debug|Any CPU
		{093C9523-8E6A-366A-2CAB-078921E6833A}.Debug|Any CPU.Build.0 = Debug|Any CPU
		{093C9523-8E6A-366A-2CAB-078921E6833A}.Release|Any CPU.ActiveCfg = Release|Any CPU
		{093C9523-8E6A-366A-2CAB-078921E6833A}.Release|Any CPU.Build.0 = Release|Any CPU
		{4BF8C773-280A-9299-EC0A-57BDFF1FCCCA}.Debug|Any CPU.ActiveCfg = Debug|Any CPU
		{4BF8C773-280A-9299-EC0A-57BDFF1FCCCA}.Debug|Any CPU.Build.0 = Debug|Any CPU
		{4BF8C773-280A-9299-EC0A-57BDFF1FCCCA}.Release|Any CPU.ActiveCfg = Release|Any CPU
		{4BF8C773-280A-9299-EC0A-57BDFF1FCCCA}.Release|Any CPU.Build.0 = Release|Any CPU
		{0A493002-8635-4EB8-3E59-8148F5309C5E}.Debug|Any CPU.ActiveCfg = Debug|Any CPU
		{0A493002-8635-4EB8-3E59-8148F5309C5E}.Debug|Any CPU.Build.0 = Debug|Any CPU
		{0A493002-8635-4EB8-3E59-8148F5309C5E}.Release|Any CPU.ActiveCfg = Release|Any CPU
		{0A493002-8635-4EB8-3E59-8148F5309C5E}.Release|Any CPU.Build.0 = Release|Any CPU
		{1FCB80CB-A485-3AD3-F75C-A7B334E56E85}.Debug|Any CPU.ActiveCfg = Debug|Any CPU
		{1FCB80CB-A485-3AD3-F75C-A7B334E56E85}.Debug|Any CPU.Build.0 = Debug|Any CPU
		{1FCB80CB-A485-3AD3-F75C-A7B334E56E85}.Release|Any CPU.ActiveCfg = Release|Any CPU
		{1FCB80CB-A485-3AD3-F75C-A7B334E56E85}.Release|Any CPU.Build.0 = Release|Any CPU
		{9DD82D50-24A8-6BEE-9ABA-7E90AD157F32}.Debug|Any CPU.ActiveCfg = Debug|Any CPU
		{9DD82D50-24A8-6BEE-9ABA-7E90AD157F32}.Debug|Any CPU.Build.0 = Debug|Any CPU
		{9DD82D50-24A8-6BEE-9ABA-7E90AD157F32}.Release|Any CPU.ActiveCfg = Release|Any CPU
		{9DD82D50-24A8-6BEE-9ABA-7E90AD157F32}.Release|Any CPU.Build.0 = Release|Any CPU
		{E8419F5A-E150-A62D-1E4E-FCD88AF3C9BA}.Debug|Any CPU.ActiveCfg = Debug|Any CPU
		{E8419F5A-E150-A62D-1E4E-FCD88AF3C9BA}.Debug|Any CPU.Build.0 = Debug|Any CPU
		{E8419F5A-E150-A62D-1E4E-FCD88AF3C9BA}.Release|Any CPU.ActiveCfg = Release|Any CPU
		{E8419F5A-E150-A62D-1E4E-FCD88AF3C9BA}.Release|Any CPU.Build.0 = Release|Any CPU
		{0771739E-1CC6-C002-7004-4AA648FF2F07}.Debug|Any CPU.ActiveCfg = Debug|Any CPU
		{0771739E-1CC6-C002-7004-4AA648FF2F07}.Debug|Any CPU.Build.0 = Debug|Any CPU
		{0771739E-1CC6-C002-7004-4AA648FF2F07}.Release|Any CPU.ActiveCfg = Release|Any CPU
		{0771739E-1CC6-C002-7004-4AA648FF2F07}.Release|Any CPU.Build.0 = Release|Any CPU
		{6B0CFAF2-F643-AE80-5AFA-35378941BECB}.Debug|Any CPU.ActiveCfg = Debug|Any CPU
		{6B0CFAF2-F643-AE80-5AFA-35378941BECB}.Debug|Any CPU.Build.0 = Debug|Any CPU
		{6B0CFAF2-F643-AE80-5AFA-35378941BECB}.Release|Any CPU.ActiveCfg = Release|Any CPU
		{6B0CFAF2-F643-AE80-5AFA-35378941BECB}.Release|Any CPU.Build.0 = Release|Any CPU
		{5EC6667C-7791-AAF0-D9F4-204ED4F527B0}.Debug|Any CPU.ActiveCfg = Debug|Any CPU
		{5EC6667C-7791-AAF0-D9F4-204ED4F527B0}.Debug|Any CPU.Build.0 = Debug|Any CPU
		{5EC6667C-7791-AAF0-D9F4-204ED4F527B0}.Release|Any CPU.ActiveCfg = Release|Any CPU
		{5EC6667C-7791-AAF0-D9F4-204ED4F527B0}.Release|Any CPU.Build.0 = Release|Any CPU
		{0CC61B7C-3022-AA74-71C4-B936983B956C}.Debug|Any CPU.ActiveCfg = Debug|Any CPU
		{0CC61B7C-3022-AA74-71C4-B936983B956C}.Debug|Any CPU.Build.0 = Debug|Any CPU
		{0CC61B7C-3022-AA74-71C4-B936983B956C}.Release|Any CPU.ActiveCfg = Release|Any CPU
		{0CC61B7C-3022-AA74-71C4-B936983B956C}.Release|Any CPU.Build.0 = Release|Any CPU
		{C57106C1-E1F3-36A2-D0CF-2D36B9327A8B}.Debug|Any CPU.ActiveCfg = Debug|Any CPU
		{C57106C1-E1F3-36A2-D0CF-2D36B9327A8B}.Debug|Any CPU.Build.0 = Debug|Any CPU
		{C57106C1-E1F3-36A2-D0CF-2D36B9327A8B}.Release|Any CPU.ActiveCfg = Release|Any CPU
		{C57106C1-E1F3-36A2-D0CF-2D36B9327A8B}.Release|Any CPU.Build.0 = Release|Any CPU
		{317EDC80-A020-9CC8-E50D-64AF2744D92F}.Debug|Any CPU.ActiveCfg = Debug|Any CPU
		{317EDC80-A020-9CC8-E50D-64AF2744D92F}.Debug|Any CPU.Build.0 = Debug|Any CPU
		{317EDC80-A020-9CC8-E50D-64AF2744D92F}.Release|Any CPU.ActiveCfg = Release|Any CPU
		{317EDC80-A020-9CC8-E50D-64AF2744D92F}.Release|Any CPU.Build.0 = Release|Any CPU
		{D1818041-C11E-FD0B-4D90-9D628553E65C}.Debug|Any CPU.ActiveCfg = Debug|Any CPU
		{D1818041-C11E-FD0B-4D90-9D628553E65C}.Debug|Any CPU.Build.0 = Debug|Any CPU
		{D1818041-C11E-FD0B-4D90-9D628553E65C}.Release|Any CPU.ActiveCfg = Release|Any CPU
		{D1818041-C11E-FD0B-4D90-9D628553E65C}.Release|Any CPU.Build.0 = Release|Any CPU
		{DDC38D84-C2A2-6F44-6FFE-325A45A9995E}.Debug|Any CPU.ActiveCfg = Debug|Any CPU
		{DDC38D84-C2A2-6F44-6FFE-325A45A9995E}.Debug|Any CPU.Build.0 = Debug|Any CPU
		{DDC38D84-C2A2-6F44-6FFE-325A45A9995E}.Release|Any CPU.ActiveCfg = Release|Any CPU
		{DDC38D84-C2A2-6F44-6FFE-325A45A9995E}.Release|Any CPU.Build.0 = Release|Any CPU
		{F5189646-0E1A-956C-B485-5781913771F7}.Debug|Any CPU.ActiveCfg = Debug|Any CPU
		{F5189646-0E1A-956C-B485-5781913771F7}.Debug|Any CPU.Build.0 = Debug|Any CPU
		{F5189646-0E1A-956C-B485-5781913771F7}.Release|Any CPU.ActiveCfg = Release|Any CPU
		{F5189646-0E1A-956C-B485-5781913771F7}.Release|Any CPU.Build.0 = Release|Any CPU
		{20F20990-DB40-A12E-5EB4-1DD47D3C57AE}.Debug|Any CPU.ActiveCfg = Debug|Any CPU
		{20F20990-DB40-A12E-5EB4-1DD47D3C57AE}.Debug|Any CPU.Build.0 = Debug|Any CPU
		{20F20990-DB40-A12E-5EB4-1DD47D3C57AE}.Release|Any CPU.ActiveCfg = Release|Any CPU
		{20F20990-DB40-A12E-5EB4-1DD47D3C57AE}.Release|Any CPU.Build.0 = Release|Any CPU
		{550706FA-564A-DF02-3185-B46497F17747}.Debug|Any CPU.ActiveCfg = Debug|Any CPU
		{550706FA-564A-DF02-3185-B46497F17747}.Debug|Any CPU.Build.0 = Debug|Any CPU
		{550706FA-564A-DF02-3185-B46497F17747}.Release|Any CPU.ActiveCfg = Release|Any CPU
		{550706FA-564A-DF02-3185-B46497F17747}.Release|Any CPU.Build.0 = Release|Any CPU
		{00990C69-EFC8-8232-40E8-E9F50EC3A21B}.Debug|Any CPU.ActiveCfg = Debug|Any CPU
		{00990C69-EFC8-8232-40E8-E9F50EC3A21B}.Debug|Any CPU.Build.0 = Debug|Any CPU
		{00990C69-EFC8-8232-40E8-E9F50EC3A21B}.Release|Any CPU.ActiveCfg = Release|Any CPU
		{00990C69-EFC8-8232-40E8-E9F50EC3A21B}.Release|Any CPU.Build.0 = Release|Any CPU
		{53B45B35-4FC1-EDE0-2C4F-69FF43719ADE}.Debug|Any CPU.ActiveCfg = Debug|Any CPU
		{53B45B35-4FC1-EDE0-2C4F-69FF43719ADE}.Debug|Any CPU.Build.0 = Debug|Any CPU
		{53B45B35-4FC1-EDE0-2C4F-69FF43719ADE}.Release|Any CPU.ActiveCfg = Release|Any CPU
		{53B45B35-4FC1-EDE0-2C4F-69FF43719ADE}.Release|Any CPU.Build.0 = Release|Any CPU
		{4156E780-4678-FD2B-D526-81C85808B656}.Debug|Any CPU.ActiveCfg = Debug|Any CPU
		{4156E780-4678-FD2B-D526-81C85808B656}.Debug|Any CPU.Build.0 = Debug|Any CPU
		{4156E780-4678-FD2B-D526-81C85808B656}.Release|Any CPU.ActiveCfg = Release|Any CPU
		{4156E780-4678-FD2B-D526-81C85808B656}.Release|Any CPU.Build.0 = Release|Any CPU
		{3FA2C037-4BE6-1149-6A17-171772DC8D48}.Debug|Any CPU.ActiveCfg = Debug|Any CPU
		{3FA2C037-4BE6-1149-6A17-171772DC8D48}.Debug|Any CPU.Build.0 = Debug|Any CPU
		{3FA2C037-4BE6-1149-6A17-171772DC8D48}.Release|Any CPU.ActiveCfg = Release|Any CPU
		{3FA2C037-4BE6-1149-6A17-171772DC8D48}.Release|Any CPU.Build.0 = Release|Any CPU
		{3E926C72-C57B-3A52-5C15-6E9A0469358D}.Debug|Any CPU.ActiveCfg = Debug|Any CPU
		{3E926C72-C57B-3A52-5C15-6E9A0469358D}.Debug|Any CPU.Build.0 = Debug|Any CPU
		{3E926C72-C57B-3A52-5C15-6E9A0469358D}.Release|Any CPU.ActiveCfg = Release|Any CPU
		{3E926C72-C57B-3A52-5C15-6E9A0469358D}.Release|Any CPU.Build.0 = Release|Any CPU
		{924A21C5-6447-08EB-9804-D5A8956C8E98}.Debug|Any CPU.ActiveCfg = Debug|Any CPU
		{924A21C5-6447-08EB-9804-D5A8956C8E98}.Debug|Any CPU.Build.0 = Debug|Any CPU
		{924A21C5-6447-08EB-9804-D5A8956C8E98}.Release|Any CPU.ActiveCfg = Release|Any CPU
		{924A21C5-6447-08EB-9804-D5A8956C8E98}.Release|Any CPU.Build.0 = Release|Any CPU
		{05E1F6DB-EC73-CCFC-A4D8-E3A83F3FD645}.Debug|Any CPU.ActiveCfg = Debug|Any CPU
		{05E1F6DB-EC73-CCFC-A4D8-E3A83F3FD645}.Debug|Any CPU.Build.0 = Debug|Any CPU
		{05E1F6DB-EC73-CCFC-A4D8-E3A83F3FD645}.Release|Any CPU.ActiveCfg = Release|Any CPU
		{05E1F6DB-EC73-CCFC-A4D8-E3A83F3FD645}.Release|Any CPU.Build.0 = Release|Any CPU
		{4E646CED-5BE3-6FD6-5DEB-9C2A54F9C4DB}.Debug|Any CPU.ActiveCfg = Debug|Any CPU
		{4E646CED-5BE3-6FD6-5DEB-9C2A54F9C4DB}.Debug|Any CPU.Build.0 = Debug|Any CPU
		{4E646CED-5BE3-6FD6-5DEB-9C2A54F9C4DB}.Release|Any CPU.ActiveCfg = Release|Any CPU
		{4E646CED-5BE3-6FD6-5DEB-9C2A54F9C4DB}.Release|Any CPU.Build.0 = Release|Any CPU
		{7DD74635-690E-A650-1603-3002B0C4B7F1}.Debug|Any CPU.ActiveCfg = Debug|Any CPU
		{7DD74635-690E-A650-1603-3002B0C4B7F1}.Debug|Any CPU.Build.0 = Debug|Any CPU
		{7DD74635-690E-A650-1603-3002B0C4B7F1}.Release|Any CPU.ActiveCfg = Release|Any CPU
		{7DD74635-690E-A650-1603-3002B0C4B7F1}.Release|Any CPU.Build.0 = Release|Any CPU
		{6D6FB772-7025-313A-A171-E2E7D1A3CCDE}.Debug|Any CPU.ActiveCfg = Debug|Any CPU
		{6D6FB772-7025-313A-A171-E2E7D1A3CCDE}.Debug|Any CPU.Build.0 = Debug|Any CPU
		{6D6FB772-7025-313A-A171-E2E7D1A3CCDE}.Release|Any CPU.ActiveCfg = Release|Any CPU
		{6D6FB772-7025-313A-A171-E2E7D1A3CCDE}.Release|Any CPU.Build.0 = Release|Any CPU
		{BAB1D471-6C6A-7BAA-5AF4-080B79739132}.Debug|Any CPU.ActiveCfg = Debug|Any CPU
		{BAB1D471-6C6A-7BAA-5AF4-080B79739132}.Debug|Any CPU.Build.0 = Debug|Any CPU
		{BAB1D471-6C6A-7BAA-5AF4-080B79739132}.Release|Any CPU.ActiveCfg = Release|Any CPU
		{BAB1D471-6C6A-7BAA-5AF4-080B79739132}.Release|Any CPU.Build.0 = Release|Any CPU
		{4FA2C7F2-352A-9B34-0B9B-51B672692CBB}.Debug|Any CPU.ActiveCfg = Debug|Any CPU
		{4FA2C7F2-352A-9B34-0B9B-51B672692CBB}.Debug|Any CPU.Build.0 = Debug|Any CPU
		{4FA2C7F2-352A-9B34-0B9B-51B672692CBB}.Release|Any CPU.ActiveCfg = Release|Any CPU
		{4FA2C7F2-352A-9B34-0B9B-51B672692CBB}.Release|Any CPU.Build.0 = Release|Any CPU
		{94A3FA57-F727-6F55-62CC-49DE589CA29D}.Debug|Any CPU.ActiveCfg = Debug|Any CPU
		{94A3FA57-F727-6F55-62CC-49DE589CA29D}.Debug|Any CPU.Build.0 = Debug|Any CPU
		{94A3FA57-F727-6F55-62CC-49DE589CA29D}.Release|Any CPU.ActiveCfg = Release|Any CPU
		{94A3FA57-F727-6F55-62CC-49DE589CA29D}.Release|Any CPU.Build.0 = Release|Any CPU
		{D90DF49C-F197-0BBB-9589-06E1FBE9B89B}.Debug|Any CPU.ActiveCfg = Debug|Any CPU
		{D90DF49C-F197-0BBB-9589-06E1FBE9B89B}.Debug|Any CPU.Build.0 = Debug|Any CPU
		{D90DF49C-F197-0BBB-9589-06E1FBE9B89B}.Release|Any CPU.ActiveCfg = Release|Any CPU
		{D90DF49C-F197-0BBB-9589-06E1FBE9B89B}.Release|Any CPU.Build.0 = Release|Any CPU
		{174FCEC9-3A08-FE2B-AEC8-3C762A2A6647}.Debug|Any CPU.ActiveCfg = Debug|Any CPU
		{174FCEC9-3A08-FE2B-AEC8-3C762A2A6647}.Debug|Any CPU.Build.0 = Debug|Any CPU
		{174FCEC9-3A08-FE2B-AEC8-3C762A2A6647}.Release|Any CPU.ActiveCfg = Release|Any CPU
		{174FCEC9-3A08-FE2B-AEC8-3C762A2A6647}.Release|Any CPU.Build.0 = Release|Any CPU
		{6AA54777-54F8-212B-9C11-18115DC0F460}.Debug|Any CPU.ActiveCfg = Debug|Any CPU
		{6AA54777-54F8-212B-9C11-18115DC0F460}.Debug|Any CPU.Build.0 = Debug|Any CPU
		{6AA54777-54F8-212B-9C11-18115DC0F460}.Release|Any CPU.ActiveCfg = Release|Any CPU
		{6AA54777-54F8-212B-9C11-18115DC0F460}.Release|Any CPU.Build.0 = Release|Any CPU
		{8E61CD25-F378-6F7F-8865-B737F7E0C411}.Debug|Any CPU.ActiveCfg = Debug|Any CPU
		{8E61CD25-F378-6F7F-8865-B737F7E0C411}.Debug|Any CPU.Build.0 = Debug|Any CPU
		{8E61CD25-F378-6F7F-8865-B737F7E0C411}.Release|Any CPU.ActiveCfg = Release|Any CPU
		{8E61CD25-F378-6F7F-8865-B737F7E0C411}.Release|Any CPU.Build.0 = Release|Any CPU
		{9F842414-9AF9-C121-266C-A907D33AB7FF}.Debug|Any CPU.ActiveCfg = Debug|Any CPU
		{9F842414-9AF9-C121-266C-A907D33AB7FF}.Debug|Any CPU.Build.0 = Debug|Any CPU
		{9F842414-9AF9-C121-266C-A907D33AB7FF}.Release|Any CPU.ActiveCfg = Release|Any CPU
		{9F842414-9AF9-C121-266C-A907D33AB7FF}.Release|Any CPU.Build.0 = Release|Any CPU
		{4A26B639-7FBA-10E4-DB0F-EEF7C97EB1FC}.Debug|Any CPU.ActiveCfg = Debug|Any CPU
		{4A26B639-7FBA-10E4-DB0F-EEF7C97EB1FC}.Debug|Any CPU.Build.0 = Debug|Any CPU
		{4A26B639-7FBA-10E4-DB0F-EEF7C97EB1FC}.Release|Any CPU.ActiveCfg = Release|Any CPU
		{4A26B639-7FBA-10E4-DB0F-EEF7C97EB1FC}.Release|Any CPU.Build.0 = Release|Any CPU
		{617AB929-075E-0BD1-8606-701B1E3AC0CA}.Debug|Any CPU.ActiveCfg = Debug|Any CPU
		{617AB929-075E-0BD1-8606-701B1E3AC0CA}.Debug|Any CPU.Build.0 = Debug|Any CPU
		{617AB929-075E-0BD1-8606-701B1E3AC0CA}.Release|Any CPU.ActiveCfg = Release|Any CPU
		{617AB929-075E-0BD1-8606-701B1E3AC0CA}.Release|Any CPU.Build.0 = Release|Any CPU
		{F4BE3BD7-CCD6-1536-35C9-7995A635A867}.Debug|Any CPU.ActiveCfg = Debug|Any CPU
		{F4BE3BD7-CCD6-1536-35C9-7995A635A867}.Debug|Any CPU.Build.0 = Debug|Any CPU
		{F4BE3BD7-CCD6-1536-35C9-7995A635A867}.Release|Any CPU.ActiveCfg = Release|Any CPU
		{F4BE3BD7-CCD6-1536-35C9-7995A635A867}.Release|Any CPU.Build.0 = Release|Any CPU
		{98FDFB23-E1CE-3A1D-D55E-74B0FACB7AA8}.Debug|Any CPU.ActiveCfg = Debug|Any CPU
		{98FDFB23-E1CE-3A1D-D55E-74B0FACB7AA8}.Debug|Any CPU.Build.0 = Debug|Any CPU
		{98FDFB23-E1CE-3A1D-D55E-74B0FACB7AA8}.Release|Any CPU.ActiveCfg = Release|Any CPU
		{98FDFB23-E1CE-3A1D-D55E-74B0FACB7AA8}.Release|Any CPU.Build.0 = Release|Any CPU
		{B0833AB1-D903-81DF-28AD-7C639185BF97}.Debug|Any CPU.ActiveCfg = Debug|Any CPU
		{B0833AB1-D903-81DF-28AD-7C639185BF97}.Debug|Any CPU.Build.0 = Debug|Any CPU
		{B0833AB1-D903-81DF-28AD-7C639185BF97}.Release|Any CPU.ActiveCfg = Release|Any CPU
		{B0833AB1-D903-81DF-28AD-7C639185BF97}.Release|Any CPU.Build.0 = Release|Any CPU
		{288208D8-D557-1577-E01E-C2E245F51896}.Debug|Any CPU.ActiveCfg = Debug|Any CPU
		{288208D8-D557-1577-E01E-C2E245F51896}.Debug|Any CPU.Build.0 = Debug|Any CPU
		{288208D8-D557-1577-E01E-C2E245F51896}.Release|Any CPU.ActiveCfg = Release|Any CPU
		{288208D8-D557-1577-E01E-C2E245F51896}.Release|Any CPU.Build.0 = Release|Any CPU
		{10CB9C9B-0C83-CDD2-5B25-CDD5A57A4FF5}.Debug|Any CPU.ActiveCfg = Debug|Any CPU
		{10CB9C9B-0C83-CDD2-5B25-CDD5A57A4FF5}.Debug|Any CPU.Build.0 = Debug|Any CPU
		{10CB9C9B-0C83-CDD2-5B25-CDD5A57A4FF5}.Release|Any CPU.ActiveCfg = Release|Any CPU
		{10CB9C9B-0C83-CDD2-5B25-CDD5A57A4FF5}.Release|Any CPU.Build.0 = Release|Any CPU
		{827CFD1E-5EC9-5799-F618-785CB9A9CC29}.Debug|Any CPU.ActiveCfg = Debug|Any CPU
		{827CFD1E-5EC9-5799-F618-785CB9A9CC29}.Debug|Any CPU.Build.0 = Debug|Any CPU
		{827CFD1E-5EC9-5799-F618-785CB9A9CC29}.Release|Any CPU.ActiveCfg = Release|Any CPU
		{827CFD1E-5EC9-5799-F618-785CB9A9CC29}.Release|Any CPU.Build.0 = Release|Any CPU
		{543646DC-EA61-BEA5-886B-7FCA9BBF6203}.Debug|Any CPU.ActiveCfg = Debug|Any CPU
		{543646DC-EA61-BEA5-886B-7FCA9BBF6203}.Debug|Any CPU.Build.0 = Debug|Any CPU
		{543646DC-EA61-BEA5-886B-7FCA9BBF6203}.Release|Any CPU.ActiveCfg = Release|Any CPU
		{543646DC-EA61-BEA5-886B-7FCA9BBF6203}.Release|Any CPU.Build.0 = Release|Any CPU
		{7B309592-CAC5-F15C-4E7A-7219CD2210AD}.Debug|Any CPU.ActiveCfg = Debug|Any CPU
		{7B309592-CAC5-F15C-4E7A-7219CD2210AD}.Debug|Any CPU.Build.0 = Debug|Any CPU
		{7B309592-CAC5-F15C-4E7A-7219CD2210AD}.Release|Any CPU.ActiveCfg = Release|Any CPU
		{7B309592-CAC5-F15C-4E7A-7219CD2210AD}.Release|Any CPU.Build.0 = Release|Any CPU
		{723BAE7A-916A-DD78-50C0-5E9300F63DB9}.Debug|Any CPU.ActiveCfg = Debug|Any CPU
		{723BAE7A-916A-DD78-50C0-5E9300F63DB9}.Debug|Any CPU.Build.0 = Debug|Any CPU
		{723BAE7A-916A-DD78-50C0-5E9300F63DB9}.Release|Any CPU.ActiveCfg = Release|Any CPU
		{723BAE7A-916A-DD78-50C0-5E9300F63DB9}.Release|Any CPU.Build.0 = Release|Any CPU
		{38C3F68F-D5D4-2301-D2AC-8F0F67BC3116}.Debug|Any CPU.ActiveCfg = Debug|Any CPU
		{38C3F68F-D5D4-2301-D2AC-8F0F67BC3116}.Debug|Any CPU.Build.0 = Debug|Any CPU
		{38C3F68F-D5D4-2301-D2AC-8F0F67BC3116}.Release|Any CPU.ActiveCfg = Release|Any CPU
		{38C3F68F-D5D4-2301-D2AC-8F0F67BC3116}.Release|Any CPU.Build.0 = Release|Any CPU
		{95A8BF58-A904-1017-7672-8AB0C88523DB}.Debug|Any CPU.ActiveCfg = Debug|Any CPU
		{95A8BF58-A904-1017-7672-8AB0C88523DB}.Debug|Any CPU.Build.0 = Debug|Any CPU
		{95A8BF58-A904-1017-7672-8AB0C88523DB}.Release|Any CPU.ActiveCfg = Release|Any CPU
		{95A8BF58-A904-1017-7672-8AB0C88523DB}.Release|Any CPU.Build.0 = Release|Any CPU
		{322294E5-4398-9B67-7836-1D69687007EA}.Debug|Any CPU.ActiveCfg = Debug|Any CPU
		{322294E5-4398-9B67-7836-1D69687007EA}.Debug|Any CPU.Build.0 = Debug|Any CPU
		{322294E5-4398-9B67-7836-1D69687007EA}.Release|Any CPU.ActiveCfg = Release|Any CPU
		{322294E5-4398-9B67-7836-1D69687007EA}.Release|Any CPU.Build.0 = Release|Any CPU
		{68CD526F-D3C4-9E19-46A2-E9A729F7EF87}.Debug|Any CPU.ActiveCfg = Debug|Any CPU
		{68CD526F-D3C4-9E19-46A2-E9A729F7EF87}.Debug|Any CPU.Build.0 = Debug|Any CPU
		{68CD526F-D3C4-9E19-46A2-E9A729F7EF87}.Release|Any CPU.ActiveCfg = Release|Any CPU
		{68CD526F-D3C4-9E19-46A2-E9A729F7EF87}.Release|Any CPU.Build.0 = Release|Any CPU
		{5A3CA8F1-E330-5295-AD22-2D38698B75B1}.Debug|Any CPU.ActiveCfg = Debug|Any CPU
		{5A3CA8F1-E330-5295-AD22-2D38698B75B1}.Debug|Any CPU.Build.0 = Debug|Any CPU
		{5A3CA8F1-E330-5295-AD22-2D38698B75B1}.Release|Any CPU.ActiveCfg = Release|Any CPU
		{5A3CA8F1-E330-5295-AD22-2D38698B75B1}.Release|Any CPU.Build.0 = Release|Any CPU
		{23496771-4C36-0E9B-F63B-C27858DA81F8}.Debug|Any CPU.ActiveCfg = Debug|Any CPU
		{23496771-4C36-0E9B-F63B-C27858DA81F8}.Debug|Any CPU.Build.0 = Debug|Any CPU
		{23496771-4C36-0E9B-F63B-C27858DA81F8}.Release|Any CPU.ActiveCfg = Release|Any CPU
		{23496771-4C36-0E9B-F63B-C27858DA81F8}.Release|Any CPU.Build.0 = Release|Any CPU
		{E9C5AE4A-9EA9-AF48-A757-7DCB591955CC}.Debug|Any CPU.ActiveCfg = Debug|Any CPU
		{E9C5AE4A-9EA9-AF48-A757-7DCB591955CC}.Debug|Any CPU.Build.0 = Debug|Any CPU
		{E9C5AE4A-9EA9-AF48-A757-7DCB591955CC}.Release|Any CPU.ActiveCfg = Release|Any CPU
		{E9C5AE4A-9EA9-AF48-A757-7DCB591955CC}.Release|Any CPU.Build.0 = Release|Any CPU
		{E62B195A-7962-795B-544B-2C0A04BED188}.Debug|Any CPU.ActiveCfg = Debug|Any CPU
		{E62B195A-7962-795B-544B-2C0A04BED188}.Debug|Any CPU.Build.0 = Debug|Any CPU
		{E62B195A-7962-795B-544B-2C0A04BED188}.Release|Any CPU.ActiveCfg = Release|Any CPU
		{E62B195A-7962-795B-544B-2C0A04BED188}.Release|Any CPU.Build.0 = Release|Any CPU
		{F5BFEE3B-9121-2ACB-3AAA-379A0A68EB8A}.Debug|Any CPU.ActiveCfg = Debug|Any CPU
		{F5BFEE3B-9121-2ACB-3AAA-379A0A68EB8A}.Debug|Any CPU.Build.0 = Debug|Any CPU
		{F5BFEE3B-9121-2ACB-3AAA-379A0A68EB8A}.Release|Any CPU.ActiveCfg = Release|Any CPU
		{F5BFEE3B-9121-2ACB-3AAA-379A0A68EB8A}.Release|Any CPU.Build.0 = Release|Any CPU
		{4A30C348-2754-D9CF-47F0-3EFB7466483F}.Debug|Any CPU.ActiveCfg = Debug|Any CPU
		{4A30C348-2754-D9CF-47F0-3EFB7466483F}.Debug|Any CPU.Build.0 = Debug|Any CPU
		{4A30C348-2754-D9CF-47F0-3EFB7466483F}.Release|Any CPU.ActiveCfg = Release|Any CPU
		{4A30C348-2754-D9CF-47F0-3EFB7466483F}.Release|Any CPU.Build.0 = Release|Any CPU
		{01EE7398-6528-BB03-190E-044C1623A5C4}.Debug|Any CPU.ActiveCfg = Debug|Any CPU
		{01EE7398-6528-BB03-190E-044C1623A5C4}.Debug|Any CPU.Build.0 = Debug|Any CPU
		{01EE7398-6528-BB03-190E-044C1623A5C4}.Release|Any CPU.ActiveCfg = Release|Any CPU
		{01EE7398-6528-BB03-190E-044C1623A5C4}.Release|Any CPU.Build.0 = Release|Any CPU
		{25AC384A-C3B4-3773-6EAB-16255A5DB361}.Debug|Any CPU.ActiveCfg = Debug|Any CPU
		{25AC384A-C3B4-3773-6EAB-16255A5DB361}.Debug|Any CPU.Build.0 = Debug|Any CPU
		{25AC384A-C3B4-3773-6EAB-16255A5DB361}.Release|Any CPU.ActiveCfg = Release|Any CPU
		{25AC384A-C3B4-3773-6EAB-16255A5DB361}.Release|Any CPU.Build.0 = Release|Any CPU
		{17DCF3D8-5067-D751-CA6E-F62C81CAC12C}.Debug|Any CPU.ActiveCfg = Debug|Any CPU
		{17DCF3D8-5067-D751-CA6E-F62C81CAC12C}.Debug|Any CPU.Build.0 = Debug|Any CPU
		{17DCF3D8-5067-D751-CA6E-F62C81CAC12C}.Release|Any CPU.ActiveCfg = Release|Any CPU
		{17DCF3D8-5067-D751-CA6E-F62C81CAC12C}.Release|Any CPU.Build.0 = Release|Any CPU
		{3F8760CE-9A64-E110-6FE2-DADFFAD54104}.Debug|Any CPU.ActiveCfg = Debug|Any CPU
		{3F8760CE-9A64-E110-6FE2-DADFFAD54104}.Debug|Any CPU.Build.0 = Debug|Any CPU
		{3F8760CE-9A64-E110-6FE2-DADFFAD54104}.Release|Any CPU.ActiveCfg = Release|Any CPU
		{3F8760CE-9A64-E110-6FE2-DADFFAD54104}.Release|Any CPU.Build.0 = Release|Any CPU
		{581AB953-F371-54F3-DEEB-C195BC8F643C}.Debug|Any CPU.ActiveCfg = Debug|Any CPU
		{581AB953-F371-54F3-DEEB-C195BC8F643C}.Debug|Any CPU.Build.0 = Debug|Any CPU
		{581AB953-F371-54F3-DEEB-C195BC8F643C}.Release|Any CPU.ActiveCfg = Release|Any CPU
		{581AB953-F371-54F3-DEEB-C195BC8F643C}.Release|Any CPU.Build.0 = Release|Any CPU
		{200A67E3-605F-D4F0-BAD2-044D3DC40010}.Debug|Any CPU.ActiveCfg = Debug|Any CPU
		{200A67E3-605F-D4F0-BAD2-044D3DC40010}.Debug|Any CPU.Build.0 = Debug|Any CPU
		{200A67E3-605F-D4F0-BAD2-044D3DC40010}.Release|Any CPU.ActiveCfg = Release|Any CPU
		{200A67E3-605F-D4F0-BAD2-044D3DC40010}.Release|Any CPU.Build.0 = Release|Any CPU
		{0FBFB6CA-FB7E-ADCB-EC78-5670C98B5013}.Debug|Any CPU.ActiveCfg = Debug|Any CPU
		{0FBFB6CA-FB7E-ADCB-EC78-5670C98B5013}.Debug|Any CPU.Build.0 = Debug|Any CPU
		{0FBFB6CA-FB7E-ADCB-EC78-5670C98B5013}.Release|Any CPU.ActiveCfg = Release|Any CPU
		{0FBFB6CA-FB7E-ADCB-EC78-5670C98B5013}.Release|Any CPU.Build.0 = Release|Any CPU
		{20B0E7B9-672E-C752-48FB-1EC966C38D81}.Debug|Any CPU.ActiveCfg = Debug|Any CPU
		{20B0E7B9-672E-C752-48FB-1EC966C38D81}.Debug|Any CPU.Build.0 = Debug|Any CPU
		{20B0E7B9-672E-C752-48FB-1EC966C38D81}.Release|Any CPU.ActiveCfg = Release|Any CPU
		{20B0E7B9-672E-C752-48FB-1EC966C38D81}.Release|Any CPU.Build.0 = Release|Any CPU
	EndGlobalSection
	GlobalSection(SolutionProperties) = preSolution
		HideSolutionNode = FALSE
	EndGlobalSection
EndGlobal
